
Microsoft Visual Studio Solution File, Format Version 12.00
Project("{FAE04EC0-301F-11D3-BF4B-00C04F79EFBC}") = "Jewelery", "Jewelery\Jewelery.csproj", "{FB7592F6-BA3A-4A29-8092-D54B7D73AC8E}"
EndProject
Global
	GlobalSection(SolutionConfigurationPlatforms) = preSolution
		Debug|Any CPU = Debug|Any CPU
		Release|Any CPU = Release|Any CPU
	EndGlobalSection
	GlobalSection(ProjectConfigurationPlatforms) = postSolution
		{FB7592F6-BA3A-4A29-8092-D54B7D73AC8E}.Debug|Any CPU.ActiveCfg = Debug|Any CPU
		{FB7592F6-BA3A-4A29-8092-D54B7D73AC8E}.Debug|Any CPU.Build.0 = Debug|Any CPU
		{FB7592F6-BA3A-4A29-8092-D54B7D73AC8E}.Release|Any CPU.ActiveCfg = Release|Any CPU
		{FB7592F6-BA3A-4A29-8092-D54B7D73AC8E}.Release|Any CPU.Build.0 = Release|Any CPU
	EndGlobalSection
EndGlobal
